
Microsoft Visual Studio Solution File, Format Version 12.00
# Visual Studio Version 17
VisualStudioVersion = 17.1.32210.238
MinimumVisualStudioVersion = 10.0.40219.1
Project("{FAE04EC0-301F-11D3-BF4B-00C04F79EFBC}") = "MyApp", "MyApp\MyApp.csproj", "{50F9B979-A2D4-4457-B565-A03D5A465438}"
EndProject
Project("{FAE04EC0-301F-11D3-BF4B-00C04F79EFBC}") = "WebMVCAjax", "WebMVCAjax\WebMVCAjax.csproj", "{02C07764-6008-4409-950C-DD54CFA2BFAA}"
EndProject
Project("{FAE04EC0-301F-11D3-BF4B-00C04F79EFBC}") = "HW_Emp_CRUD", "HW_Emp_CRUD\HW_Emp_CRUD.csproj", "{E1DB29A4-7F25-40E4-A208-17DAD099838B}"
EndProject
Project("{FAE04EC0-301F-11D3-BF4B-00C04F79EFBC}") = "HW_Dept_Emp", "HW_Dept_Emp\HW_Dept_Emp.csproj", "{56DF1DA9-A278-4A61-A5FC-1711DBF97C16}"
EndProject
Project("{FAE04EC0-301F-11D3-BF4B-00C04F79EFBC}") = "WebAPI", "WebAPI\WebAPI.csproj", "{C03FD8B6-8ECE-490A-B32F-742346A9B0AA}"
EndProject
Project("{FAE04EC0-301F-11D3-BF4B-00C04F79EFBC}") = "LINQ", "LINQ\LINQ.csproj", "{562D8860-25C2-4369-B5F8-1F0177493BEC}"
EndProject
Project("{FAE04EC0-301F-11D3-BF4B-00C04F79EFBC}") = "WebAPICRUD", "WebAPICRUD\WebAPICRUD.csproj", "{59965CBA-692A-4035-91AE-9A769B929CA3}"
EndProject
Project("{FAE04EC0-301F-11D3-BF4B-00C04F79EFBC}") = "WebAPIDeptCRUD", "WebAPIDeptCRUD\WebAPIDeptCRUD.csproj", "{47FBF8C2-6CD9-4F18-8AF3-9F5A58C373E8}"
EndProject
Global
	GlobalSection(SolutionConfigurationPlatforms) = preSolution
		Debug|Any CPU = Debug|Any CPU
		Release|Any CPU = Release|Any CPU
	EndGlobalSection
	GlobalSection(ProjectConfigurationPlatforms) = postSolution
		{50F9B979-A2D4-4457-B565-A03D5A465438}.Debug|Any CPU.ActiveCfg = Debug|Any CPU
		{50F9B979-A2D4-4457-B565-A03D5A465438}.Debug|Any CPU.Build.0 = Debug|Any CPU
		{50F9B979-A2D4-4457-B565-A03D5A465438}.Release|Any CPU.ActiveCfg = Release|Any CPU
		{50F9B979-A2D4-4457-B565-A03D5A465438}.Release|Any CPU.Build.0 = Release|Any CPU
		{02C07764-6008-4409-950C-DD54CFA2BFAA}.Debug|Any CPU.ActiveCfg = Debug|Any CPU
		{02C07764-6008-4409-950C-DD54CFA2BFAA}.Debug|Any CPU.Build.0 = Debug|Any CPU
		{02C07764-6008-4409-950C-DD54CFA2BFAA}.Release|Any CPU.ActiveCfg = Release|Any CPU
		{02C07764-6008-4409-950C-DD54CFA2BFAA}.Release|Any CPU.Build.0 = Release|Any CPU
		{E1DB29A4-7F25-40E4-A208-17DAD099838B}.Debug|Any CPU.ActiveCfg = Debug|Any CPU
		{E1DB29A4-7F25-40E4-A208-17DAD099838B}.Debug|Any CPU.Build.0 = Debug|Any CPU
		{E1DB29A4-7F25-40E4-A208-17DAD099838B}.Release|Any CPU.ActiveCfg = Release|Any CPU
		{E1DB29A4-7F25-40E4-A208-17DAD099838B}.Release|Any CPU.Build.0 = Release|Any CPU
		{56DF1DA9-A278-4A61-A5FC-1711DBF97C16}.Debug|Any CPU.ActiveCfg = Debug|Any CPU
		{56DF1DA9-A278-4A61-A5FC-1711DBF97C16}.Debug|Any CPU.Build.0 = Debug|Any CPU
		{56DF1DA9-A278-4A61-A5FC-1711DBF97C16}.Release|Any CPU.ActiveCfg = Release|Any CPU
		{56DF1DA9-A278-4A61-A5FC-1711DBF97C16}.Release|Any CPU.Build.0 = Release|Any CPU
		{C03FD8B6-8ECE-490A-B32F-742346A9B0AA}.Debug|Any CPU.ActiveCfg = Debug|Any CPU
		{C03FD8B6-8ECE-490A-B32F-742346A9B0AA}.Debug|Any CPU.Build.0 = Debug|Any CPU
		{C03FD8B6-8ECE-490A-B32F-742346A9B0AA}.Release|Any CPU.ActiveCfg = Release|Any CPU
		{C03FD8B6-8ECE-490A-B32F-742346A9B0AA}.Release|Any CPU.Build.0 = Release|Any CPU
		{562D8860-25C2-4369-B5F8-1F0177493BEC}.Debug|Any CPU.ActiveCfg = Debug|Any CPU
		{562D8860-25C2-4369-B5F8-1F0177493BEC}.Debug|Any CPU.Build.0 = Debug|Any CPU
		{562D8860-25C2-4369-B5F8-1F0177493BEC}.Release|Any CPU.ActiveCfg = Release|Any CPU
		{562D8860-25C2-4369-B5F8-1F0177493BEC}.Release|Any CPU.Build.0 = Release|Any CPU
		{59965CBA-692A-4035-91AE-9A769B929CA3}.Debug|Any CPU.ActiveCfg = Debug|Any CPU
		{59965CBA-692A-4035-91AE-9A769B929CA3}.Debug|Any CPU.Build.0 = Debug|Any CPU
		{59965CBA-692A-4035-91AE-9A769B929CA3}.Release|Any CPU.ActiveCfg = Release|Any CPU
		{59965CBA-692A-4035-91AE-9A769B929CA3}.Release|Any CPU.Build.0 = Release|Any CPU
		{47FBF8C2-6CD9-4F18-8AF3-9F5A58C373E8}.Debug|Any CPU.ActiveCfg = Debug|Any CPU
		{47FBF8C2-6CD9-4F18-8AF3-9F5A58C373E8}.Debug|Any CPU.Build.0 = Debug|Any CPU
		{47FBF8C2-6CD9-4F18-8AF3-9F5A58C373E8}.Release|Any CPU.ActiveCfg = Release|Any CPU
		{47FBF8C2-6CD9-4F18-8AF3-9F5A58C373E8}.Release|Any CPU.Build.0 = Release|Any CPU
	EndGlobalSection
	GlobalSection(SolutionProperties) = preSolution
		HideSolutionNode = FALSE
	EndGlobalSection
	GlobalSection(ExtensibilityGlobals) = postSolution
		SolutionGuid = {D6576A5D-8BD8-4953-93C7-30DD89815926}
	EndGlobalSection
EndGlobal
